// !$*UTF8*$!
{
	archiveVersion = 1;
	classes = {
	};
	objectVersion = 46;
	objects = {

/* Begin PBXBuildFile section */
		8E50FD5719ECC87D00C80B6B /* AppDelegate.swift in Sources */ = {isa = PBXBuildFile; fileRef = 8E50FD5619ECC87D00C80B6B /* AppDelegate.swift */; };
		8E50FD5919ECC87D00C80B6B /* ViewController.swift in Sources */ = {isa = PBXBuildFile; fileRef = 8E50FD5819ECC87D00C80B6B /* ViewController.swift */; };
		8E50FD5C19ECC87D00C80B6B /* Main.storyboard in Resources */ = {isa = PBXBuildFile; fileRef = 8E50FD5A19ECC87D00C80B6B /* Main.storyboard */; };
		8E50FD5E19ECC87D00C80B6B /* Images.xcassets in Resources */ = {isa = PBXBuildFile; fileRef = 8E50FD5D19ECC87D00C80B6B /* Images.xcassets */; };
		8E50FD6119ECC87D00C80B6B /* LaunchScreen.xib in Resources */ = {isa = PBXBuildFile; fileRef = 8E50FD5F19ECC87D00C80B6B /* LaunchScreen.xib */; };
		8E50FD6D19ECC87D00C80B6B /* TouchIDBlogPostTests.swift in Sources */ = {isa = PBXBuildFile; fileRef = 8E50FD6C19ECC87D00C80B6B /* TouchIDBlogPostTests.swift */; };
		8E50FD7819ECC8BA00C80B6B /* LocalAuthentication.framework in Frameworks */ = {isa = PBXBuildFile; fileRef = 8E50FD7719ECC8BA00C80B6B /* LocalAuthentication.framework */; };
		8E70B8651A3A92F80044019F /* PITouchIDManager.swift in Sources */ = {isa = PBXBuildFile; fileRef = 8E70B8641A3A92F80044019F /* PITouchIDManager.swift */; };
		8E70B8691A3A9CA80044019F /* PITouchIDManager.m in Sources */ = {isa = PBXBuildFile; fileRef = 8E70B8681A3A9CA80044019F /* PITouchIDManager.m */; };
/* End PBXBuildFile section */

/* Begin PBXContainerItemProxy section */
		8E50FD6719ECC87D00C80B6B /* PBXContainerItemProxy */ = {
			isa = PBXContainerItemProxy;
			containerPortal = 8E50FD4919ECC87D00C80B6B /* Project object */;
			proxyType = 1;
			remoteGlobalIDString = 8E50FD5019ECC87D00C80B6B;
			remoteInfo = TouchIDBlogPost;
		};
/* End PBXContainerItemProxy section */

/* Begin PBXFileReference section */
		8E50FD5119ECC87D00C80B6B /* TouchIDBlogPost.app */ = {isa = PBXFileReference; explicitFileType = wrapper.application; includeInIndex = 0; path = TouchIDBlogPost.app; sourceTree = BUILT_PRODUCTS_DIR; };
		8E50FD5519ECC87D00C80B6B /* Info.plist */ = {isa = PBXFileReference; lastKnownFileType = text.plist.xml; path = Info.plist; sourceTree = "<group>"; };
		8E50FD5619ECC87D00C80B6B /* AppDelegate.swift */ = {isa = PBXFileReference; lastKnownFileType = sourcecode.swift; path = AppDelegate.swift; sourceTree = "<group>"; };
		8E50FD5819ECC87D00C80B6B /* ViewController.swift */ = {isa = PBXFileReference; lastKnownFileType = sourcecode.swift; path = ViewController.swift; sourceTree = "<group>"; };
		8E50FD5B19ECC87D00C80B6B /* Base */ = {isa = PBXFileReference; lastKnownFileType = file.storyboard; name = Base; path = Base.lproj/Main.storyboard; sourceTree = "<group>"; };
		8E50FD5D19ECC87D00C80B6B /* Images.xcassets */ = {isa = PBXFileReference; lastKnownFileType = folder.assetcatalog; path = Images.xcassets; sourceTree = "<group>"; };
		8E50FD6019ECC87D00C80B6B /* Base */ = {isa = PBXFileReference; lastKnownFileType = file.xib; name = Base; path = Base.lproj/LaunchScreen.xib; sourceTree = "<group>"; };
		8E50FD6619ECC87D00C80B6B /* TouchIDBlogPostTests.xctest */ = {isa = PBXFileReference; explicitFileType = wrapper.cfbundle; includeInIndex = 0; path = TouchIDBlogPostTests.xctest; sourceTree = BUILT_PRODUCTS_DIR; };
		8E50FD6B19ECC87D00C80B6B /* Info.plist */ = {isa = PBXFileReference; lastKnownFileType = text.plist.xml; path = Info.plist; sourceTree = "<group>"; };
		8E50FD6C19ECC87D00C80B6B /* TouchIDBlogPostTests.swift */ = {isa = PBXFileReference; lastKnownFileType = sourcecode.swift; path = TouchIDBlogPostTests.swift; sourceTree = "<group>"; };
		8E50FD7719ECC8BA00C80B6B /* LocalAuthentication.framework */ = {isa = PBXFileReference; lastKnownFileType = wrapper.framework; name = LocalAuthentication.framework; path = System/Library/Frameworks/LocalAuthentication.framework; sourceTree = SDKROOT; };
		8E70B8641A3A92F80044019F /* PITouchIDManager.swift */ = {isa = PBXFileReference; fileEncoding = 4; lastKnownFileType = sourcecode.swift; path = PITouchIDManager.swift; sourceTree = "<group>"; };
		8E70B8661A3A9CA70044019F /* TouchIDBlogPost-Bridging-Header.h */ = {isa = PBXFileReference; lastKnownFileType = sourcecode.c.h; path = "TouchIDBlogPost-Bridging-Header.h"; sourceTree = "<group>"; };
		8E70B8671A3A9CA80044019F /* PITouchIDManager.h */ = {isa = PBXFileReference; fileEncoding = 4; lastKnownFileType = sourcecode.c.h; path = PITouchIDManager.h; sourceTree = "<group>"; };
		8E70B8681A3A9CA80044019F /* PITouchIDManager.m */ = {isa = PBXFileReference; fileEncoding = 4; lastKnownFileType = sourcecode.c.objc; path = PITouchIDManager.m; sourceTree = "<group>"; };
/* End PBXFileReference section */

/* Begin PBXFrameworksBuildPhase section */
		8E50FD4E19ECC87D00C80B6B /* Frameworks */ = {
			isa = PBXFrameworksBuildPhase;
			buildActionMask = 2147483647;
			files = (
				8E50FD7819ECC8BA00C80B6B /* LocalAuthentication.framework in Frameworks */,
			);
			runOnlyForDeploymentPostprocessing = 0;
		};
		8E50FD6319ECC87D00C80B6B /* Frameworks */ = {
			isa = PBXFrameworksBuildPhase;
			buildActionMask = 2147483647;
			files = (
			);
			runOnlyForDeploymentPostprocessing = 0;
		};
/* End PBXFrameworksBuildPhase section */

/* Begin PBXGroup section */
		8E50FD4819ECC87D00C80B6B = {
			isa = PBXGroup;
			children = (
				8E50FD5319ECC87D00C80B6B /* TouchIDBlogPost */,
				8E50FD6919ECC87D00C80B6B /* TouchIDBlogPostTests */,
				8E50FD5219ECC87D00C80B6B /* Products */,
			);
			sourceTree = "<group>";
		};
		8E50FD5219ECC87D00C80B6B /* Products */ = {
			isa = PBXGroup;
			children = (
				8E50FD5119ECC87D00C80B6B /* TouchIDBlogPost.app */,
				8E50FD6619ECC87D00C80B6B /* TouchIDBlogPostTests.xctest */,
			);
			name = Products;
			sourceTree = "<group>";
		};
		8E50FD5319ECC87D00C80B6B /* TouchIDBlogPost */ = {
			isa = PBXGroup;
			children = (
				8E50FD5619ECC87D00C80B6B /* AppDelegate.swift */,
				8E50FD5819ECC87D00C80B6B /* ViewController.swift */,
				8E70B8641A3A92F80044019F /* PITouchIDManager.swift */,
				8E70B8671A3A9CA80044019F /* PITouchIDManager.h */,
				8E70B8681A3A9CA80044019F /* PITouchIDManager.m */,
				8E50FD5A19ECC87D00C80B6B /* Main.storyboard */,
				8E50FD5D19ECC87D00C80B6B /* Images.xcassets */,
				8E50FD5F19ECC87D00C80B6B /* LaunchScreen.xib */,
				8E50FD7619ECC8A200C80B6B /* Frameworks */,
				8E50FD5419ECC87D00C80B6B /* Supporting Files */,
				8E70B8661A3A9CA70044019F /* TouchIDBlogPost-Bridging-Header.h */,
			);
			path = TouchIDBlogPost;
			sourceTree = "<group>";
		};
		8E50FD5419ECC87D00C80B6B /* Supporting Files */ = {
			isa = PBXGroup;
			children = (
				8E50FD5519ECC87D00C80B6B /* Info.plist */,
			);
			name = "Supporting Files";
			sourceTree = "<group>";
		};
		8E50FD6919ECC87D00C80B6B /* TouchIDBlogPostTests */ = {
			isa = PBXGroup;
			children = (
				8E50FD6C19ECC87D00C80B6B /* TouchIDBlogPostTests.swift */,
				8E50FD6A19ECC87D00C80B6B /* Supporting Files */,
			);
			path = TouchIDBlogPostTests;
			sourceTree = "<group>";
		};
		8E50FD6A19ECC87D00C80B6B /* Supporting Files */ = {
			isa = PBXGroup;
			children = (
				8E50FD6B19ECC87D00C80B6B /* Info.plist */,
			);
			name = "Supporting Files";
			sourceTree = "<group>";
		};
		8E50FD7619ECC8A200C80B6B /* Frameworks */ = {
			isa = PBXGroup;
			children = (
				8E50FD7719ECC8BA00C80B6B /* LocalAuthentication.framework */,
			);
			name = Frameworks;
			sourceTree = "<group>";
		};
/* End PBXGroup section */

/* Begin PBXNativeTarget section */
		8E50FD5019ECC87D00C80B6B /* TouchIDBlogPost */ = {
			isa = PBXNativeTarget;
			buildConfigurationList = 8E50FD7019ECC87D00C80B6B /* Build configuration list for PBXNativeTarget "TouchIDBlogPost" */;
			buildPhases = (
				8E50FD4D19ECC87D00C80B6B /* Sources */,
				8E50FD4E19ECC87D00C80B6B /* Frameworks */,
				8E50FD4F19ECC87D00C80B6B /* Resources */,
			);
			buildRules = (
			);
			dependencies = (
			);
			name = TouchIDBlogPost;
			productName = TouchIDBlogPost;
			productReference = 8E50FD5119ECC87D00C80B6B /* TouchIDBlogPost.app */;
			productType = "com.apple.product-type.application";
		};
		8E50FD6519ECC87D00C80B6B /* TouchIDBlogPostTests */ = {
			isa = PBXNativeTarget;
			buildConfigurationList = 8E50FD7319ECC87D00C80B6B /* Build configuration list for PBXNativeTarget "TouchIDBlogPostTests" */;
			buildPhases = (
				8E50FD6219ECC87D00C80B6B /* Sources */,
				8E50FD6319ECC87D00C80B6B /* Frameworks */,
				8E50FD6419ECC87D00C80B6B /* Resources */,
			);
			buildRules = (
			);
			dependencies = (
				8E50FD6819ECC87D00C80B6B /* PBXTargetDependency */,
			);
			name = TouchIDBlogPostTests;
			productName = TouchIDBlogPostTests;
			productReference = 8E50FD6619ECC87D00C80B6B /* TouchIDBlogPostTests.xctest */;
			productType = "com.apple.product-type.bundle.unit-test";
		};
/* End PBXNativeTarget section */

/* Begin PBXProject section */
		8E50FD4919ECC87D00C80B6B /* Project object */ = {
			isa = PBXProject;
			attributes = {
				LastUpgradeCheck = 0600;
				ORGANIZATIONNAME = "Prolific Interactive";
				TargetAttributes = {
					8E50FD5019ECC87D00C80B6B = {
						CreatedOnToolsVersion = 6.0.1;
					};
					8E50FD6519ECC87D00C80B6B = {
						CreatedOnToolsVersion = 6.0.1;
						TestTargetID = 8E50FD5019ECC87D00C80B6B;
					};
				};
			};
			buildConfigurationList = 8E50FD4C19ECC87D00C80B6B /* Build configuration list for PBXProject "TouchIDBlogPost" */;
			compatibilityVersion = "Xcode 3.2";
			developmentRegion = English;
			hasScannedForEncodings = 0;
			knownRegions = (
				en,
				Base,
			);
			mainGroup = 8E50FD4819ECC87D00C80B6B;
			productRefGroup = 8E50FD5219ECC87D00C80B6B /* Products */;
			projectDirPath = "";
			projectRoot = "";
			targets = (
				8E50FD5019ECC87D00C80B6B /* TouchIDBlogPost */,
				8E50FD6519ECC87D00C80B6B /* TouchIDBlogPostTests */,
			);
		};
/* End PBXProject section */

/* Begin PBXResourcesBuildPhase section */
		8E50FD4F19ECC87D00C80B6B /* Resources */ = {
			isa = PBXResourcesBuildPhase;
			buildActionMask = 2147483647;
			files = (
				8E50FD5C19ECC87D00C80B6B /* Main.storyboard in Resources */,
				8E50FD6119ECC87D00C80B6B /* LaunchScreen.xib in Resources */,
				8E50FD5E19ECC87D00C80B6B /* Images.xcassets in Resources */,
			);
			runOnlyForDeploymentPostprocessing = 0;
		};
		8E50FD6419ECC87D00C80B6B /* Resources */ = {
			isa = PBXResourcesBuildPhase;
			buildActionMask = 2147483647;
			files = (
			);
			runOnlyForDeploymentPostprocessing = 0;
		};
/* End PBXResourcesBuildPhase section */

/* Begin PBXSourcesBuildPhase section */
		8E50FD4D19ECC87D00C80B6B /* Sources */ = {
			isa = PBXSourcesBuildPhase;
			buildActionMask = 2147483647;
			files = (
				8E50FD5919ECC87D00C80B6B /* ViewController.swift in Sources */,
				8E70B8691A3A9CA80044019F /* PITouchIDManager.m in Sources */,
				8E50FD5719ECC87D00C80B6B /* AppDelegate.swift in Sources */,
				8E70B8651A3A92F80044019F /* PITouchIDManager.swift in Sources */,
			);
			runOnlyForDeploymentPostprocessing = 0;
		};
		8E50FD6219ECC87D00C80B6B /* Sources */ = {
			isa = PBXSourcesBuildPhase;
			buildActionMask = 2147483647;
			files = (
				8E50FD6D19ECC87D00C80B6B /* TouchIDBlogPostTests.swift in Sources */,
			);
			runOnlyForDeploymentPostprocessing = 0;
		};
/* End PBXSourcesBuildPhase section */

/* Begin PBXTargetDependency section */
		8E50FD6819ECC87D00C80B6B /* PBXTargetDependency */ = {
			isa = PBXTargetDependency;
			target = 8E50FD5019ECC87D00C80B6B /* TouchIDBlogPost */;
			targetProxy = 8E50FD6719ECC87D00C80B6B /* PBXContainerItemProxy */;
		};
/* End PBXTargetDependency section */

/* Begin PBXVariantGroup section */
		8E50FD5A19ECC87D00C80B6B /* Main.storyboard */ = {
			isa = PBXVariantGroup;
			children = (
				8E50FD5B19ECC87D00C80B6B /* Base */,
			);
			name = Main.storyboard;
			sourceTree = "<group>";
		};
		8E50FD5F19ECC87D00C80B6B /* LaunchScreen.xib */ = {
			isa = PBXVariantGroup;
			children = (
				8E50FD6019ECC87D00C80B6B /* Base */,
			);
			name = LaunchScreen.xib;
			sourceTree = "<group>";
		};
/* End PBXVariantGroup section */

/* Begin XCBuildConfiguration section */
		8E50FD6E19ECC87D00C80B6B /* Debug */ = {
			isa = XCBuildConfiguration;
			buildSettings = {
				ALWAYS_SEARCH_USER_PATHS = NO;
				CLANG_CXX_LANGUAGE_STANDARD = "gnu++0x";
				CLANG_CXX_LIBRARY = "libc++";
				CLANG_ENABLE_MODULES = YES;
				CLANG_ENABLE_OBJC_ARC = YES;
				CLANG_WARN_BOOL_CONVERSION = YES;
				CLANG_WARN_CONSTANT_CONVERSION = YES;
				CLANG_WARN_DIRECT_OBJC_ISA_USAGE = YES_ERROR;
				CLANG_WARN_EMPTY_BODY = YES;
				CLANG_WARN_ENUM_CONVERSION = YES;
				CLANG_WARN_INT_CONVERSION = YES;
				CLANG_WARN_OBJC_ROOT_CLASS = YES_ERROR;
				CLANG_WARN_UNREACHABLE_CODE = YES;
				CLANG_WARN__DUPLICATE_METHOD_MATCH = YES;
				"CODE_SIGN_IDENTITY[sdk=iphoneos*]" = "iPhone Developer";
				COPY_PHASE_STRIP = NO;
				ENABLE_STRICT_OBJC_MSGSEND = YES;
				GCC_C_LANGUAGE_STANDARD = gnu99;
				GCC_DYNAMIC_NO_PIC = NO;
				GCC_OPTIMIZATION_LEVEL = 0;
				GCC_PREPROCESSOR_DEFINITIONS = (
					"DEBUG=1",
					"$(inherited)",
				);
				GCC_SYMBOLS_PRIVATE_EXTERN = NO;
				GCC_WARN_64_TO_32_BIT_CONVERSION = YES;
				GCC_WARN_ABOUT_RETURN_TYPE = YES_ERROR;
				GCC_WARN_UNDECLARED_SELECTOR = YES;
				GCC_WARN_UNINITIALIZED_AUTOS = YES_AGGRESSIVE;
				GCC_WARN_UNUSED_FUNCTION = YES;
				GCC_WARN_UNUSED_VARIABLE = YES;
				IPHONEOS_DEPLOYMENT_TARGET = 8.0;
				MTL_ENABLE_DEBUG_INFO = YES;
				ONLY_ACTIVE_ARCH = YES;
				SDKROOT = iphoneos;
				SWIFT_OPTIMIZATION_LEVEL = "-Onone";
			};
			name = Debug;
		};
		8E50FD6F19ECC87D00C80B6B /* Release */ = {
			isa = XCBuildConfiguration;
			buildSettings = {
				ALWAYS_SEARCH_USER_PATHS = NO;
				CLANG_CXX_LANGUAGE_STANDARD = "gnu++0x";
				CLANG_CXX_LIBRARY = "libc++";
				CLANG_ENABLE_MODULES = YES;
				CLANG_ENABLE_OBJC_ARC = YES;
				CLANG_WARN_BOOL_CONVERSION = YES;
				CLANG_WARN_CONSTANT_CONVERSION = YES;
				CLANG_WARN_DIRECT_OBJC_ISA_USAGE = YES_ERROR;
				CLANG_WARN_EMPTY_BODY = YES;
				CLANG_WARN_ENUM_CONVERSION = YES;
				CLANG_WARN_INT_CONVERSION = YES;
				CLANG_WARN_OBJC_ROOT_CLASS = YES_ERROR;
				CLANG_WARN_UNREACHABLE_CODE = YES;
				CLANG_WARN__DUPLICATE_METHOD_MATCH = YES;
				"CODE_SIGN_IDENTITY[sdk=iphoneos*]" = "iPhone Developer";
				COPY_PHASE_STRIP = YES;
				ENABLE_NS_ASSERTIONS = NO;
				ENABLE_STRICT_OBJC_MSGSEND = YES;
				GCC_C_LANGUAGE_STANDARD = gnu99;
				GCC_WARN_64_TO_32_BIT_CONVERSION = YES;
				GCC_WARN_ABOUT_RETURN_TYPE = YES_ERROR;
				GCC_WARN_UNDECLARED_SELECTOR = YES;
				GCC_WARN_UNINITIALIZED_AUTOS = YES_AGGRESSIVE;
				GCC_WARN_UNUSED_FUNCTION = YES;
				GCC_WARN_UNUSED_VARIABLE = YES;
				IPHONEOS_DEPLOYMENT_TARGET = 8.0;
				MTL_ENABLE_DEBUG_INFO = NO;
				SDKROOT = iphoneos;
				VALIDATE_PRODUCT = YES;
			};
			name = Release;
		};
		8E50FD7119ECC87D00C80B6B /* Debug */ = {
			isa = XCBuildConfiguration;
			buildSettings = {
				ASSETCATALOG_COMPILER_APPICON_NAME = AppIcon;
				CLANG_ENABLE_MODULES = YES;
				INFOPLIST_FILE = TouchIDBlogPost/Info.plist;
				LD_RUNPATH_SEARCH_PATHS = "$(inherited) @executable_path/Frameworks";
				PRODUCT_NAME = "$(TARGET_NAME)";
				SWIFT_OBJC_BRIDGING_HEADER = "TouchIDBlogPost/TouchIDBlogPost-Bridging-Header.h";
				SWIFT_OPTIMIZATION_LEVEL = "-Onone";
			};
			name = Debug;
		};
		8E50FD7219ECC87D00C80B6B /* Release */ = {
			isa = XCBuildConfiguration;
			buildSettings = {
				ASSETCATALOG_COMPILER_APPICON_NAME = AppIcon;
				CLANG_ENABLE_MODULES = YES;
				INFOPLIST_FILE = TouchIDBlogPost/Info.plist;
				LD_RUNPATH_SEARCH_PATHS = "$(inherited) @executable_path/Frameworks";
				PRODUCT_NAME = "$(TARGET_NAME)";
				SWIFT_OBJC_BRIDGING_HEADER = "TouchIDBlogPost/TouchIDBlogPost-Bridging-Header.h";
			};
			name = Release;
		};
		8E50FD7419ECC87D00C80B6B /* Debug */ = {
			isa = XCBuildConfiguration;
			buildSettings = {
				BUNDLE_LOADER = "$(TEST_HOST)";
				FRAMEWORK_SEARCH_PATHS = (
					"$(SDKROOT)/Developer/Library/Frameworks",
					"$(inherited)",
				);
				GCC_PREPROCESSOR_DEFINITIONS = (
					"DEBUG=1",
					"$(inherited)",
				);
				INFOPLIST_FILE = TouchIDBlogPostTests/Info.plist;
				LD_RUNPATH_SEARCH_PATHS = "$(inherited) @executable_path/Frameworks @loader_path/Frameworks";
				PRODUCT_NAME = "$(TARGET_NAME)";
				TEST_HOST = "$(BUILT_PRODUCTS_DIR)/TouchIDBlogPost.app/TouchIDBlogPost";
			};
			name = Debug;
		};
		8E50FD7519ECC87D00C80B6B /* Release */ = {
			isa = XCBuildConfiguration;
			buildSettings = {
				BUNDLE_LOADER = "$(TEST_HOST)";
				FRAMEWORK_SEARCH_PATHS = (
					"$(SDKROOT)/Developer/Library/Frameworks",
					"$(inherited)",
				);
				INFOPLIST_FILE = TouchIDBlogPostTests/Info.plist;
				LD_RUNPATH_SEARCH_PATHS = "$(inherited) @executable_path/Frameworks @loader_path/Frameworks";
				PRODUCT_NAME = "$(TARGET_NAME)";
				TEST_HOST = "$(BUILT_PRODUCTS_DIR)/TouchIDBlogPost.app/TouchIDBlogPost";
			};
			name = Release;
		};
/* End XCBuildConfiguration section */

/* Begin XCConfigurationList section */
		8E50FD4C19ECC87D00C80B6B /* Build configuration list for PBXProject "TouchIDBlogPost" */ = {
			isa = XCConfigurationList;
			buildConfigurations = (
				8E50FD6E19ECC87D00C80B6B /* Debug */,
				8E50FD6F19ECC87D00C80B6B /* Release */,
			);
			defaultConfigurationIsVisible = 0;
			defaultConfigurationName = Release;
		};
		8E50FD7019ECC87D00C80B6B /* Build configuration list for PBXNativeTarget "TouchIDBlogPost" */ = {
			isa = XCConfigurationList;
			buildConfigurations = (
				8E50FD7119ECC87D00C80B6B /* Debug */,
				8E50FD7219ECC87D00C80B6B /* Release */,
			);
			defaultConfigurationIsVisible = 0;
			defaultConfigurationName = Release;
		};
		8E50FD7319ECC87D00C80B6B /* Build configuration list for PBXNativeTarget "TouchIDBlogPostTests" */ = {
			isa = XCConfigurationList;
			buildConfigurations = (
				8E50FD7419ECC87D00C80B6B /* Debug */,
				8E50FD7519ECC87D00C80B6B /* Release */,
			);
			defaultConfigurationIsVisible = 0;
			defaultConfigurationName = Release;
		};
/* End XCConfigurationList section */
	};
	rootObject = 8E50FD4919ECC87D00C80B6B /* Project object */;
}
